
Microsoft Visual Studio Solution File, Format Version 12.00
# Visual Studio Version 16
VisualStudioVersion = 16.0.30320.27
MinimumVisualStudioVersion = 10.0.40219.1
Project("{9A19103F-16F7-4668-BE54-9A1E7A4F7556}") = "PertixCore.Api", "PertixCore.Api\PertixCore.Api.csproj", "{AE03C4C1-1AE5-46DD-9034-3DADCA2EB612}"
EndProject
Project("{9A19103F-16F7-4668-BE54-9A1E7A4F7556}") = "PertixCore.Core", "PertixCore.Core\PertixCore.Core.csproj", "{616E3F33-243A-45D4-94B0-2D3C24BCECC0}"
EndProject
Project("{9A19103F-16F7-4668-BE54-9A1E7A4F7556}") = "PertixCore.Data", "PertixCore.Data\PertixCore.Data.csproj", "{F8ACCA6D-F272-431D-AB60-7308EA09D59D}"
EndProject
Project("{9A19103F-16F7-4668-BE54-9A1E7A4F7556}") = "PertixCore.Services", "PertixCore.Services\PertixCore.Services.csproj", "{33CD7553-20FC-4ABB-B011-EDE423DBE009}"
EndProject
Global
	GlobalSection(SolutionConfigurationPlatforms) = preSolution
		Debug|Any CPU = Debug|Any CPU
		Release|Any CPU = Release|Any CPU
	EndGlobalSection
	GlobalSection(ProjectConfigurationPlatforms) = postSolution
		{AE03C4C1-1AE5-46DD-9034-3DADCA2EB612}.Debug|Any CPU.ActiveCfg = Debug|Any CPU
		{AE03C4C1-1AE5-46DD-9034-3DADCA2EB612}.Debug|Any CPU.Build.0 = Debug|Any CPU
		{AE03C4C1-1AE5-46DD-9034-3DADCA2EB612}.Release|Any CPU.ActiveCfg = Release|Any CPU
		{AE03C4C1-1AE5-46DD-9034-3DADCA2EB612}.Release|Any CPU.Build.0 = Release|Any CPU
		{616E3F33-243A-45D4-94B0-2D3C24BCECC0}.Debug|Any CPU.ActiveCfg = Debug|Any CPU
		{616E3F33-243A-45D4-94B0-2D3C24BCECC0}.Debug|Any CPU.Build.0 = Debug|Any CPU
		{616E3F33-243A-45D4-94B0-2D3C24BCECC0}.Release|Any CPU.ActiveCfg = Release|Any CPU
		{616E3F33-243A-45D4-94B0-2D3C24BCECC0}.Release|Any CPU.Build.0 = Release|Any CPU
		{F8ACCA6D-F272-431D-AB60-7308EA09D59D}.Debug|Any CPU.ActiveCfg = Debug|Any CPU
		{F8ACCA6D-F272-431D-AB60-7308EA09D59D}.Debug|Any CPU.Build.0 = Debug|Any CPU
		{F8ACCA6D-F272-431D-AB60-7308EA09D59D}.Release|Any CPU.ActiveCfg = Release|Any CPU
		{F8ACCA6D-F272-431D-AB60-7308EA09D59D}.Release|Any CPU.Build.0 = Release|Any CPU
		{33CD7553-20FC-4ABB-B011-EDE423DBE009}.Debug|Any CPU.ActiveCfg = Debug|Any CPU
		{33CD7553-20FC-4ABB-B011-EDE423DBE009}.Debug|Any CPU.Build.0 = Debug|Any CPU
		{33CD7553-20FC-4ABB-B011-EDE423DBE009}.Release|Any CPU.ActiveCfg = Release|Any CPU
		{33CD7553-20FC-4ABB-B011-EDE423DBE009}.Release|Any CPU.Build.0 = Release|Any CPU
	EndGlobalSection
	GlobalSection(SolutionProperties) = preSolution
		HideSolutionNode = FALSE
	EndGlobalSection
	GlobalSection(ExtensibilityGlobals) = postSolution
		SolutionGuid = {9FB98031-E0ED-48F1-ACB1-82B20E1EEE05}
	EndGlobalSection
EndGlobal
